// !$*UTF8*$!
{
	archiveVersion = 1;
	classes = {
	};
	objectVersion = 60;
	objects = {

/* Begin PBXBuildFile section */
		424E7D2C2C370F63001EAD2E /* BookletApp.swift in Sources */ = {isa = PBXBuildFile; fileRef = 424E7D2B2C370F63001EAD2E /* BookletApp.swift */; };
		424E7D302C370F64001EAD2E /* Assets.xcassets in Resources */ = {isa = PBXBuildFile; fileRef = 424E7D2F2C370F64001EAD2E /* Assets.xcassets */; };
		424E7D332C370F64001EAD2E /* Preview Assets.xcassets in Resources */ = {isa = PBXBuildFile; fileRef = 424E7D322C370F64001EAD2E /* Preview Assets.xcassets */; };
		424E7D3E2C370F64001EAD2E /* BookletTests.swift in Sources */ = {isa = PBXBuildFile; fileRef = 424E7D3D2C370F64001EAD2E /* BookletTests.swift */; };
		424E7D482C370F64001EAD2E /* BookletUITests.swift in Sources */ = {isa = PBXBuildFile; fileRef = 424E7D472C370F64001EAD2E /* BookletUITests.swift */; };
		424E7D4A2C370F64001EAD2E /* BookletUITestsLaunchTests.swift in Sources */ = {isa = PBXBuildFile; fileRef = 424E7D492C370F64001EAD2E /* BookletUITestsLaunchTests.swift */; };
		424E7D572C3713CE001EAD2E /* CalendarView.swift in Sources */ = {isa = PBXBuildFile; fileRef = 424E7D562C3713CE001EAD2E /* CalendarView.swift */; };
		4275C3E92C46EBB60076892A /* Binding+NilCoalescing.swift in Sources */ = {isa = PBXBuildFile; fileRef = 4275C3E82C46EBB50076892A /* Binding+NilCoalescing.swift */; };
		4275C3FB2C484ACD0076892A /* ServiceLocator.swift in Sources */ = {isa = PBXBuildFile; fileRef = 4275C3FA2C484ACD0076892A /* ServiceLocator.swift */; };
		427B64B32C409EC9008AA0BA /* AuthView.swift in Sources */ = {isa = PBXBuildFile; fileRef = 427B64B22C409EC9008AA0BA /* AuthView.swift */; };
		427B64B62C40A05A008AA0BA /* MainViewViewModel.swift in Sources */ = {isa = PBXBuildFile; fileRef = 427B64B52C40A05A008AA0BA /* MainViewViewModel.swift */; };
		427B64B92C40A6EC008AA0BA /* AuthViewViewModel.swift in Sources */ = {isa = PBXBuildFile; fileRef = 427B64B82C40A6EC008AA0BA /* AuthViewViewModel.swift */; };
		427B64D12C42DCA4008AA0BA /* AuthService.swift in Sources */ = {isa = PBXBuildFile; fileRef = 427B64D02C42DCA4008AA0BA /* AuthService.swift */; };
		427B64D52C42EC21008AA0BA /* AppUser.swift in Sources */ = {isa = PBXBuildFile; fileRef = 427B64D42C42EC21008AA0BA /* AppUser.swift */; };
		427B64DA2C42FE3B008AA0BA /* AuthButton.swift in Sources */ = {isa = PBXBuildFile; fileRef = 427B64D92C42FE3B008AA0BA /* AuthButton.swift */; };
		42A33AF12C4AF76700504009 /* LoadingView.swift in Sources */ = {isa = PBXBuildFile; fileRef = 42A33AF02C4AF76700504009 /* LoadingView.swift */; };
		42A33AF42C4AF81D00504009 /* LoadingViewModifier.swift in Sources */ = {isa = PBXBuildFile; fileRef = 42A33AF32C4AF81D00504009 /* LoadingViewModifier.swift */; };
		42A33AF72C4AF99400504009 /* MinimumLoadingTime.swift in Sources */ = {isa = PBXBuildFile; fileRef = 42A33AF62C4AF99400504009 /* MinimumLoadingTime.swift */; };
		42A33AFA2C4B083500504009 /* CustomerError.swift in Sources */ = {isa = PBXBuildFile; fileRef = 42A33AF92C4B083500504009 /* CustomerError.swift */; };
		42A33AFE2C4B107700504009 /* FirestoreExtensions.swift in Sources */ = {isa = PBXBuildFile; fileRef = 42A33AFD2C4B107700504009 /* FirestoreExtensions.swift */; };
		42A33B012C4B1B8700504009 /* FirestoreCollection.swift in Sources */ = {isa = PBXBuildFile; fileRef = 42A33B002C4B1B8700504009 /* FirestoreCollection.swift */; };
		42A33B032C4B209500504009 /* Booking.swift in Sources */ = {isa = PBXBuildFile; fileRef = 42A33B022C4B209500504009 /* Booking.swift */; };
		42A33B052C4B20E300504009 /* BookingService.swift in Sources */ = {isa = PBXBuildFile; fileRef = 42A33B042C4B20E300504009 /* BookingService.swift */; };
		42A33B0B2C4B233A00504009 /* BookingViewViewModel.swift in Sources */ = {isa = PBXBuildFile; fileRef = 42A33B0A2C4B233A00504009 /* BookingViewViewModel.swift */; };
		42A33B0D2C4B239500504009 /* BookingView.swift in Sources */ = {isa = PBXBuildFile; fileRef = 42A33B0C2C4B239500504009 /* BookingView.swift */; };
		42A33B0F2C4C5DF500504009 /* BookingError.swift in Sources */ = {isa = PBXBuildFile; fileRef = 42A33B0E2C4C5DF500504009 /* BookingError.swift */; };
		42ACA4422C3EEE61009BA7D2 /* Customer.swift in Sources */ = {isa = PBXBuildFile; fileRef = 42ACA4412C3EEE61009BA7D2 /* Customer.swift */; };
		42ACA4452C3EF138009BA7D2 /* CustomerForm.swift in Sources */ = {isa = PBXBuildFile; fileRef = 42ACA4442C3EF138009BA7D2 /* CustomerForm.swift */; };
		42ACA4482C3EF22D009BA7D2 /* FirebaseAuth in Frameworks */ = {isa = PBXBuildFile; productRef = 42ACA4472C3EF22D009BA7D2 /* FirebaseAuth */; };
		42ACA44A2C3EF5F3009BA7D2 /* CustomersView.swift in Sources */ = {isa = PBXBuildFile; fileRef = 42ACA4492C3EF5F3009BA7D2 /* CustomersView.swift */; };
		42ACA44C2C3F1BA7009BA7D2 /* GoogleService-Info.plist in Resources */ = {isa = PBXBuildFile; fileRef = 42ACA44B2C3F1BA7009BA7D2 /* GoogleService-Info.plist */; };
		42B05DAE2C3F4C300022D676 /* GoogleSignIn in Frameworks */ = {isa = PBXBuildFile; productRef = 42B05DAD2C3F4C300022D676 /* GoogleSignIn */; };
		42B05DB02C3F4C300022D676 /* GoogleSignInSwift in Frameworks */ = {isa = PBXBuildFile; productRef = 42B05DAF2C3F4C300022D676 /* GoogleSignInSwift */; };
		42BF3D7F2C44601300E61833 /* AuthError.swift in Sources */ = {isa = PBXBuildFile; fileRef = 42BF3D7E2C44601300E61833 /* AuthError.swift */; };
		42BF3D812C44739000E61833 /* PasswordStrengthView.swift in Sources */ = {isa = PBXBuildFile; fileRef = 42BF3D802C44739000E61833 /* PasswordStrengthView.swift */; };
		42BF3D832C4476EC00E61833 /* Localizable.xcstrings in Resources */ = {isa = PBXBuildFile; fileRef = 42BF3D822C4476EC00E61833 /* Localizable.xcstrings */; };
		42BF3D892C44A1A900E61833 /* CustomerService.swift in Sources */ = {isa = PBXBuildFile; fileRef = 42BF3D882C44A1A900E61833 /* CustomerService.swift */; };
		42BF3D942C44A34A00E61833 /* FirebaseFirestore in Frameworks */ = {isa = PBXBuildFile; productRef = 42BF3D932C44A34A00E61833 /* FirebaseFirestore */; };
		42BF3D962C44A34A00E61833 /* FirebaseFirestoreSwift in Frameworks */ = {isa = PBXBuildFile; productRef = 42BF3D952C44A34A00E61833 /* FirebaseFirestoreSwift */; };
		42BF3D9A2C44A34A00E61833 /* FirebaseRemoteConfigSwift in Frameworks */ = {isa = PBXBuildFile; productRef = 42BF3D992C44A34A00E61833 /* FirebaseRemoteConfigSwift */; };
		42BF3D9F2C4544AC00E61833 /* CustomersViewViewModel.swift in Sources */ = {isa = PBXBuildFile; fileRef = 42BF3D9E2C4544AC00E61833 /* CustomersViewViewModel.swift */; };
		42C14FC52C3DCC1D007C18E3 /* MainView.swift in Sources */ = {isa = PBXBuildFile; fileRef = 42C14FC42C3DCC1D007C18E3 /* MainView.swift */; };
		42D22E782C3DE15700E1CF6C /* Tabs.swift in Sources */ = {isa = PBXBuildFile; fileRef = 42D22E772C3DE15700E1CF6C /* Tabs.swift */; };
		42D22E7A2C3DE8A000E1CF6C /* Constants.swift in Sources */ = {isa = PBXBuildFile; fileRef = 42D22E792C3DE8A000E1CF6C /* Constants.swift */; };
/* End PBXBuildFile section */

/* Begin PBXContainerItemProxy section */
		424E7D3A2C370F64001EAD2E /* PBXContainerItemProxy */ = {
			isa = PBXContainerItemProxy;
			containerPortal = 424E7D202C370F62001EAD2E /* Project object */;
			proxyType = 1;
			remoteGlobalIDString = 424E7D272C370F63001EAD2E;
			remoteInfo = Booklet;
		};
		424E7D442C370F64001EAD2E /* PBXContainerItemProxy */ = {
			isa = PBXContainerItemProxy;
			containerPortal = 424E7D202C370F62001EAD2E /* Project object */;
			proxyType = 1;
			remoteGlobalIDString = 424E7D272C370F63001EAD2E;
			remoteInfo = Booklet;
		};
/* End PBXContainerItemProxy section */

/* Begin PBXFileReference section */
		424E7D282C370F63001EAD2E /* Booklet.app */ = {isa = PBXFileReference; explicitFileType = wrapper.application; includeInIndex = 0; path = Booklet.app; sourceTree = BUILT_PRODUCTS_DIR; };
		424E7D2B2C370F63001EAD2E /* BookletApp.swift */ = {isa = PBXFileReference; lastKnownFileType = sourcecode.swift; path = BookletApp.swift; sourceTree = "<group>"; };
		424E7D2F2C370F64001EAD2E /* Assets.xcassets */ = {isa = PBXFileReference; lastKnownFileType = folder.assetcatalog; path = Assets.xcassets; sourceTree = "<group>"; };
		424E7D322C370F64001EAD2E /* Preview Assets.xcassets */ = {isa = PBXFileReference; lastKnownFileType = folder.assetcatalog; path = "Preview Assets.xcassets"; sourceTree = "<group>"; };
		424E7D342C370F64001EAD2E /* Booklet.entitlements */ = {isa = PBXFileReference; lastKnownFileType = text.plist.entitlements; path = Booklet.entitlements; sourceTree = "<group>"; };
		424E7D392C370F64001EAD2E /* BookletTests.xctest */ = {isa = PBXFileReference; explicitFileType = wrapper.cfbundle; includeInIndex = 0; path = BookletTests.xctest; sourceTree = BUILT_PRODUCTS_DIR; };
		424E7D3D2C370F64001EAD2E /* BookletTests.swift */ = {isa = PBXFileReference; lastKnownFileType = sourcecode.swift; path = BookletTests.swift; sourceTree = "<group>"; };
		424E7D432C370F64001EAD2E /* BookletUITests.xctest */ = {isa = PBXFileReference; explicitFileType = wrapper.cfbundle; includeInIndex = 0; path = BookletUITests.xctest; sourceTree = BUILT_PRODUCTS_DIR; };
		424E7D472C370F64001EAD2E /* BookletUITests.swift */ = {isa = PBXFileReference; lastKnownFileType = sourcecode.swift; path = BookletUITests.swift; sourceTree = "<group>"; };
		424E7D492C370F64001EAD2E /* BookletUITestsLaunchTests.swift */ = {isa = PBXFileReference; lastKnownFileType = sourcecode.swift; path = BookletUITestsLaunchTests.swift; sourceTree = "<group>"; };
		424E7D562C3713CE001EAD2E /* CalendarView.swift */ = {isa = PBXFileReference; lastKnownFileType = sourcecode.swift; path = CalendarView.swift; sourceTree = "<group>"; };
		4275C3E82C46EBB50076892A /* Binding+NilCoalescing.swift */ = {isa = PBXFileReference; lastKnownFileType = sourcecode.swift; path = "Binding+NilCoalescing.swift"; sourceTree = "<group>"; };
		4275C3FA2C484ACD0076892A /* ServiceLocator.swift */ = {isa = PBXFileReference; lastKnownFileType = sourcecode.swift; path = ServiceLocator.swift; sourceTree = "<group>"; };
		427B64B22C409EC9008AA0BA /* AuthView.swift */ = {isa = PBXFileReference; lastKnownFileType = sourcecode.swift; path = AuthView.swift; sourceTree = "<group>"; };
		427B64B52C40A05A008AA0BA /* MainViewViewModel.swift */ = {isa = PBXFileReference; lastKnownFileType = sourcecode.swift; path = MainViewViewModel.swift; sourceTree = "<group>"; };
		427B64B82C40A6EC008AA0BA /* AuthViewViewModel.swift */ = {isa = PBXFileReference; lastKnownFileType = sourcecode.swift; path = AuthViewViewModel.swift; sourceTree = "<group>"; };
		427B64D02C42DCA4008AA0BA /* AuthService.swift */ = {isa = PBXFileReference; lastKnownFileType = sourcecode.swift; path = AuthService.swift; sourceTree = "<group>"; };
		427B64D42C42EC21008AA0BA /* AppUser.swift */ = {isa = PBXFileReference; lastKnownFileType = sourcecode.swift; path = AppUser.swift; sourceTree = "<group>"; };
		427B64D92C42FE3B008AA0BA /* AuthButton.swift */ = {isa = PBXFileReference; lastKnownFileType = sourcecode.swift; path = AuthButton.swift; sourceTree = "<group>"; };
		42A33ADB2C4937B400504009 /* README.md */ = {isa = PBXFileReference; lastKnownFileType = net.daringfireball.markdown; path = README.md; sourceTree = "<group>"; };
		42A33AF02C4AF76700504009 /* LoadingView.swift */ = {isa = PBXFileReference; lastKnownFileType = sourcecode.swift; path = LoadingView.swift; sourceTree = "<group>"; };
		42A33AF32C4AF81D00504009 /* LoadingViewModifier.swift */ = {isa = PBXFileReference; lastKnownFileType = sourcecode.swift; path = LoadingViewModifier.swift; sourceTree = "<group>"; };
		42A33AF62C4AF99400504009 /* MinimumLoadingTime.swift */ = {isa = PBXFileReference; lastKnownFileType = sourcecode.swift; path = MinimumLoadingTime.swift; sourceTree = "<group>"; };
		42A33AF92C4B083500504009 /* CustomerError.swift */ = {isa = PBXFileReference; lastKnownFileType = sourcecode.swift; path = CustomerError.swift; sourceTree = "<group>"; };
		42A33AFD2C4B107700504009 /* FirestoreExtensions.swift */ = {isa = PBXFileReference; lastKnownFileType = sourcecode.swift; path = FirestoreExtensions.swift; sourceTree = "<group>"; };
		42A33B002C4B1B8700504009 /* FirestoreCollection.swift */ = {isa = PBXFileReference; lastKnownFileType = sourcecode.swift; path = FirestoreCollection.swift; sourceTree = "<group>"; };
		42A33B022C4B209500504009 /* Booking.swift */ = {isa = PBXFileReference; lastKnownFileType = sourcecode.swift; path = Booking.swift; sourceTree = "<group>"; };
		42A33B042C4B20E300504009 /* BookingService.swift */ = {isa = PBXFileReference; lastKnownFileType = sourcecode.swift; path = BookingService.swift; sourceTree = "<group>"; };
		42A33B0A2C4B233A00504009 /* BookingViewViewModel.swift */ = {isa = PBXFileReference; lastKnownFileType = sourcecode.swift; path = BookingViewViewModel.swift; sourceTree = "<group>"; };
		42A33B0C2C4B239500504009 /* BookingView.swift */ = {isa = PBXFileReference; lastKnownFileType = sourcecode.swift; path = BookingView.swift; sourceTree = "<group>"; };
		42A33B0E2C4C5DF500504009 /* BookingError.swift */ = {isa = PBXFileReference; lastKnownFileType = sourcecode.swift; path = BookingError.swift; sourceTree = "<group>"; };
		42ACA4412C3EEE61009BA7D2 /* Customer.swift */ = {isa = PBXFileReference; lastKnownFileType = sourcecode.swift; path = Customer.swift; sourceTree = "<group>"; };
		42ACA4442C3EF138009BA7D2 /* CustomerForm.swift */ = {isa = PBXFileReference; lastKnownFileType = sourcecode.swift; path = CustomerForm.swift; sourceTree = "<group>"; };
		42ACA4492C3EF5F3009BA7D2 /* CustomersView.swift */ = {isa = PBXFileReference; lastKnownFileType = sourcecode.swift; path = CustomersView.swift; sourceTree = "<group>"; };
		42ACA44B2C3F1BA7009BA7D2 /* GoogleService-Info.plist */ = {isa = PBXFileReference; lastKnownFileType = text.plist.xml; path = "GoogleService-Info.plist"; sourceTree = "<group>"; };
		42BF3D7E2C44601300E61833 /* AuthError.swift */ = {isa = PBXFileReference; lastKnownFileType = sourcecode.swift; path = AuthError.swift; sourceTree = "<group>"; };
		42BF3D802C44739000E61833 /* PasswordStrengthView.swift */ = {isa = PBXFileReference; lastKnownFileType = sourcecode.swift; path = PasswordStrengthView.swift; sourceTree = "<group>"; };
		42BF3D822C4476EC00E61833 /* Localizable.xcstrings */ = {isa = PBXFileReference; lastKnownFileType = text.json.xcstrings; path = Localizable.xcstrings; sourceTree = "<group>"; };
		42BF3D882C44A1A900E61833 /* CustomerService.swift */ = {isa = PBXFileReference; lastKnownFileType = sourcecode.swift; path = CustomerService.swift; sourceTree = "<group>"; };
		42BF3D8A2C44A23F00E61833 /* Info.plist */ = {isa = PBXFileReference; lastKnownFileType = text.plist.xml; path = Info.plist; sourceTree = "<group>"; };
		42BF3D9E2C4544AC00E61833 /* CustomersViewViewModel.swift */ = {isa = PBXFileReference; lastKnownFileType = sourcecode.swift; path = CustomersViewViewModel.swift; sourceTree = "<group>"; };
		42C14FC42C3DCC1D007C18E3 /* MainView.swift */ = {isa = PBXFileReference; lastKnownFileType = sourcecode.swift; path = MainView.swift; sourceTree = "<group>"; };
		42D22E772C3DE15700E1CF6C /* Tabs.swift */ = {isa = PBXFileReference; lastKnownFileType = sourcecode.swift; path = Tabs.swift; sourceTree = "<group>"; };
		42D22E792C3DE8A000E1CF6C /* Constants.swift */ = {isa = PBXFileReference; lastKnownFileType = sourcecode.swift; path = Constants.swift; sourceTree = "<group>"; };
		42E19B7E2C3F51E800F70B1F /* ci_post_clone.sh */ = {isa = PBXFileReference; lastKnownFileType = text.script.sh; path = ci_post_clone.sh; sourceTree = "<group>"; };
/* End PBXFileReference section */

/* Begin PBXFrameworksBuildPhase section */
		424E7D252C370F63001EAD2E /* Frameworks */ = {
			isa = PBXFrameworksBuildPhase;
			buildActionMask = 2147483647;
			files = (
				42B05DB02C3F4C300022D676 /* GoogleSignInSwift in Frameworks */,
				42ACA4482C3EF22D009BA7D2 /* FirebaseAuth in Frameworks */,
				42BF3D9A2C44A34A00E61833 /* FirebaseRemoteConfigSwift in Frameworks */,
				42BF3D942C44A34A00E61833 /* FirebaseFirestore in Frameworks */,
				42B05DAE2C3F4C300022D676 /* GoogleSignIn in Frameworks */,
				42BF3D962C44A34A00E61833 /* FirebaseFirestoreSwift in Frameworks */,
			);
			runOnlyForDeploymentPostprocessing = 0;
		};
		424E7D362C370F64001EAD2E /* Frameworks */ = {
			isa = PBXFrameworksBuildPhase;
			buildActionMask = 2147483647;
			files = (
			);
			runOnlyForDeploymentPostprocessing = 0;
		};
		424E7D402C370F64001EAD2E /* Frameworks */ = {
			isa = PBXFrameworksBuildPhase;
			buildActionMask = 2147483647;
			files = (
			);
			runOnlyForDeploymentPostprocessing = 0;
		};
/* End PBXFrameworksBuildPhase section */

/* Begin PBXGroup section */
		424E7D1F2C370F62001EAD2E = {
			isa = PBXGroup;
			children = (
				42A33ADB2C4937B400504009 /* README.md */,
				42BF3D842C44780100E61833 /* SupportingFiles */,
				42E19B7D2C3F519B00F70B1F /* ci_scripts */,
				424E7D2A2C370F63001EAD2E /* Booklet */,
				424E7D3C2C370F64001EAD2E /* BookletTests */,
				424E7D462C370F64001EAD2E /* BookletUITests */,
				424E7D292C370F63001EAD2E /* Products */,
				42ACA4462C3EF22D009BA7D2 /* Frameworks */,
			);
			sourceTree = "<group>";
		};
		424E7D292C370F63001EAD2E /* Products */ = {
			isa = PBXGroup;
			children = (
				424E7D282C370F63001EAD2E /* Booklet.app */,
				424E7D392C370F64001EAD2E /* BookletTests.xctest */,
				424E7D432C370F64001EAD2E /* BookletUITests.xctest */,
			);
			name = Products;
			sourceTree = "<group>";
		};
		424E7D2A2C370F63001EAD2E /* Booklet */ = {
			isa = PBXGroup;
			children = (
				42BF3D8A2C44A23F00E61833 /* Info.plist */,
				427B64D62C42F1C6008AA0BA /* Core */,
				427B64D32C42DF23008AA0BA /* Services */,
				427B64BB2C41F43F008AA0BA /* App */,
				427B64AF2C409EA0008AA0BA /* Features */,
				42BDC4E72C409C3E00B4A13C /* Utils */,
				42ACA4432C3EF122009BA7D2 /* Views */,
				42ACA4402C3EEE4E009BA7D2 /* Models */,
				4275C3E72C46EB000076892A /* Extensions */,
				424E7D2F2C370F64001EAD2E /* Assets.xcassets */,
				424E7D342C370F64001EAD2E /* Booklet.entitlements */,
				424E7D312C370F64001EAD2E /* Preview Content */,
				42ACA44B2C3F1BA7009BA7D2 /* GoogleService-Info.plist */,
			);
			path = Booklet;
			sourceTree = "<group>";
		};
		424E7D312C370F64001EAD2E /* Preview Content */ = {
			isa = PBXGroup;
			children = (
				424E7D322C370F64001EAD2E /* Preview Assets.xcassets */,
			);
			path = "Preview Content";
			sourceTree = "<group>";
		};
		424E7D3C2C370F64001EAD2E /* BookletTests */ = {
			isa = PBXGroup;
			children = (
				424E7D3D2C370F64001EAD2E /* BookletTests.swift */,
			);
			path = BookletTests;
			sourceTree = "<group>";
		};
		424E7D462C370F64001EAD2E /* BookletUITests */ = {
			isa = PBXGroup;
			children = (
				424E7D472C370F64001EAD2E /* BookletUITests.swift */,
				424E7D492C370F64001EAD2E /* BookletUITestsLaunchTests.swift */,
			);
			path = BookletUITests;
			sourceTree = "<group>";
		};
		4275C3AE2C455AB00076892A /* View */ = {
			isa = PBXGroup;
			children = (
				42ACA4492C3EF5F3009BA7D2 /* CustomersView.swift */,
				42ACA4442C3EF138009BA7D2 /* CustomerForm.swift */,
			);
			path = View;
			sourceTree = "<group>";
		};
		4275C3AF2C455ABC0076892A /* ViewModel */ = {
			isa = PBXGroup;
			children = (
				42BF3D9E2C4544AC00E61833 /* CustomersViewViewModel.swift */,
			);
			path = ViewModel;
			sourceTree = "<group>";
		};
		4275C3E72C46EB000076892A /* Extensions */ = {
			isa = PBXGroup;
			children = (
				4275C3E82C46EBB50076892A /* Binding+NilCoalescing.swift */,
				42A33AFD2C4B107700504009 /* FirestoreExtensions.swift */,
			);
			path = Extensions;
			sourceTree = "<group>";
		};
		427B64AF2C409EA0008AA0BA /* Features */ = {
			isa = PBXGroup;
			children = (
				42A33B072C4B22FD00504009 /* Booking */,
				42BF3D9D2C45449300E61833 /* Customers */,
				427B64B02C409EA8008AA0BA /* Auth */,
			);
			path = Features;
			sourceTree = "<group>";
		};
		427B64B02C409EA8008AA0BA /* Auth */ = {
			isa = PBXGroup;
			children = (
				42BF3D7D2C44600900E61833 /* Model */,
				427B64B72C40A6CC008AA0BA /* ViewModel */,
				427B64B12C409EB5008AA0BA /* View */,
			);
			path = Auth;
			sourceTree = "<group>";
		};
		427B64B12C409EB5008AA0BA /* View */ = {
			isa = PBXGroup;
			children = (
				427B64B22C409EC9008AA0BA /* AuthView.swift */,
			);
			path = View;
			sourceTree = "<group>";
		};
		427B64B72C40A6CC008AA0BA /* ViewModel */ = {
			isa = PBXGroup;
			children = (
				427B64B82C40A6EC008AA0BA /* AuthViewViewModel.swift */,
			);
			path = ViewModel;
			sourceTree = "<group>";
		};
		427B64BB2C41F43F008AA0BA /* App */ = {
			isa = PBXGroup;
			children = (
				424E7D2B2C370F63001EAD2E /* BookletApp.swift */,
				42C14FC42C3DCC1D007C18E3 /* MainView.swift */,
				427B64B52C40A05A008AA0BA /* MainViewViewModel.swift */,
				4275C3FA2C484ACD0076892A /* ServiceLocator.swift */,
			);
			path = App;
			sourceTree = "<group>";
		};
		427B64D32C42DF23008AA0BA /* Services */ = {
			isa = PBXGroup;
			children = (
				427B64D02C42DCA4008AA0BA /* AuthService.swift */,
				42BF3D882C44A1A900E61833 /* CustomerService.swift */,
				42A33B042C4B20E300504009 /* BookingService.swift */,
			);
			path = Services;
			sourceTree = "<group>";
		};
		427B64D62C42F1C6008AA0BA /* Core */ = {
			isa = PBXGroup;
			children = (
				42A33AF52C4AF97D00504009 /* LoadingView */,
				427B64D82C42F1DB008AA0BA /* Model */,
				427B64D72C42F1CE008AA0BA /* View */,
			);
			path = Core;
			sourceTree = "<group>";
		};
		427B64D72C42F1CE008AA0BA /* View */ = {
			isa = PBXGroup;
			children = (
				427B64D92C42FE3B008AA0BA /* AuthButton.swift */,
				42BF3D802C44739000E61833 /* PasswordStrengthView.swift */,
			);
			path = View;
			sourceTree = "<group>";
		};
		427B64D82C42F1DB008AA0BA /* Model */ = {
			isa = PBXGroup;
			children = (
				42D22E772C3DE15700E1CF6C /* Tabs.swift */,
			);
			path = Model;
			sourceTree = "<group>";
		};
		42A33AF52C4AF97D00504009 /* LoadingView */ = {
			isa = PBXGroup;
			children = (
				42A33AF02C4AF76700504009 /* LoadingView.swift */,
				42A33AF32C4AF81D00504009 /* LoadingViewModifier.swift */,
				42A33AF62C4AF99400504009 /* MinimumLoadingTime.swift */,
			);
			path = LoadingView;
			sourceTree = "<group>";
		};
		42A33AF82C4B082B00504009 /* Error */ = {
			isa = PBXGroup;
			children = (
				42A33AF92C4B083500504009 /* CustomerError.swift */,
				42A33B0E2C4C5DF500504009 /* BookingError.swift */,
			);
			path = Error;
			sourceTree = "<group>";
		};
		42A33AFF2C4B1B6700504009 /* Firestore */ = {
			isa = PBXGroup;
			children = (
				42A33B002C4B1B8700504009 /* FirestoreCollection.swift */,
			);
			path = Firestore;
			sourceTree = "<group>";
		};
		42A33B072C4B22FD00504009 /* Booking */ = {
			isa = PBXGroup;
			children = (
				42A33B092C4B232300504009 /* ViewModel */,
				42A33B082C4B231000504009 /* View */,
			);
			path = Booking;
			sourceTree = "<group>";
		};
		42A33B082C4B231000504009 /* View */ = {
			isa = PBXGroup;
			children = (
				42A33B0C2C4B239500504009 /* BookingView.swift */,
			);
			path = View;
			sourceTree = "<group>";
		};
		42A33B092C4B232300504009 /* ViewModel */ = {
			isa = PBXGroup;
			children = (
				42A33B0A2C4B233A00504009 /* BookingViewViewModel.swift */,
			);
			path = ViewModel;
			sourceTree = "<group>";
		};
		42ACA4402C3EEE4E009BA7D2 /* Models */ = {
			isa = PBXGroup;
			children = (
				42A33AFF2C4B1B6700504009 /* Firestore */,
				42A33AF82C4B082B00504009 /* Error */,
				42ACA4412C3EEE61009BA7D2 /* Customer.swift */,
				427B64D42C42EC21008AA0BA /* AppUser.swift */,
				42A33B022C4B209500504009 /* Booking.swift */,
			);
			path = Models;
			sourceTree = "<group>";
		};
		42ACA4432C3EF122009BA7D2 /* Views */ = {
			isa = PBXGroup;
			children = (
				424E7D562C3713CE001EAD2E /* CalendarView.swift */,
			);
			path = Views;
			sourceTree = "<group>";
		};
		42ACA4462C3EF22D009BA7D2 /* Frameworks */ = {
			isa = PBXGroup;
			children = (
			);
			name = Frameworks;
			sourceTree = "<group>";
		};
		42BDC4E72C409C3E00B4A13C /* Utils */ = {
			isa = PBXGroup;
			children = (
				42D22E792C3DE8A000E1CF6C /* Constants.swift */,
			);
			path = Utils;
			sourceTree = "<group>";
		};
		42BF3D7D2C44600900E61833 /* Model */ = {
			isa = PBXGroup;
			children = (
				42BF3D7E2C44601300E61833 /* AuthError.swift */,
			);
			path = Model;
			sourceTree = "<group>";
		};
		42BF3D842C44780100E61833 /* SupportingFiles */ = {
			isa = PBXGroup;
			children = (
				42BF3D852C44783700E61833 /* Localization */,
			);
			path = SupportingFiles;
			sourceTree = "<group>";
		};
		42BF3D852C44783700E61833 /* Localization */ = {
			isa = PBXGroup;
			children = (
				42BF3D822C4476EC00E61833 /* Localizable.xcstrings */,
			);
			path = Localization;
			sourceTree = "<group>";
		};
		42BF3D9D2C45449300E61833 /* Customers */ = {
			isa = PBXGroup;
			children = (
				4275C3AF2C455ABC0076892A /* ViewModel */,
				4275C3AE2C455AB00076892A /* View */,
			);
			path = Customers;
			sourceTree = "<group>";
		};
		42E19B7D2C3F519B00F70B1F /* ci_scripts */ = {
			isa = PBXGroup;
			children = (
				42E19B7E2C3F51E800F70B1F /* ci_post_clone.sh */,
			);
			path = ci_scripts;
			sourceTree = "<group>";
		};
/* End PBXGroup section */

/* Begin PBXNativeTarget section */
		424E7D272C370F63001EAD2E /* Booklet */ = {
			isa = PBXNativeTarget;
			buildConfigurationList = 424E7D4D2C370F64001EAD2E /* Build configuration list for PBXNativeTarget "Booklet" */;
			buildPhases = (
				424E7D242C370F63001EAD2E /* Sources */,
				424E7D252C370F63001EAD2E /* Frameworks */,
				424E7D262C370F63001EAD2E /* Resources */,
			);
			buildRules = (
			);
			dependencies = (
			);
			name = Booklet;
			packageProductDependencies = (
				42ACA4472C3EF22D009BA7D2 /* FirebaseAuth */,
				42B05DAD2C3F4C300022D676 /* GoogleSignIn */,
				42B05DAF2C3F4C300022D676 /* GoogleSignInSwift */,
				42BF3D932C44A34A00E61833 /* FirebaseFirestore */,
				42BF3D952C44A34A00E61833 /* FirebaseFirestoreSwift */,
				42BF3D992C44A34A00E61833 /* FirebaseRemoteConfigSwift */,
			);
			productName = Booklet;
			productReference = 424E7D282C370F63001EAD2E /* Booklet.app */;
			productType = "com.apple.product-type.application";
		};
		424E7D382C370F64001EAD2E /* BookletTests */ = {
			isa = PBXNativeTarget;
			buildConfigurationList = 424E7D502C370F64001EAD2E /* Build configuration list for PBXNativeTarget "BookletTests" */;
			buildPhases = (
				424E7D352C370F64001EAD2E /* Sources */,
				424E7D362C370F64001EAD2E /* Frameworks */,
				424E7D372C370F64001EAD2E /* Resources */,
			);
			buildRules = (
			);
			dependencies = (
				424E7D3B2C370F64001EAD2E /* PBXTargetDependency */,
			);
			name = BookletTests;
			productName = BookletTests;
			productReference = 424E7D392C370F64001EAD2E /* BookletTests.xctest */;
			productType = "com.apple.product-type.bundle.unit-test";
		};
		424E7D422C370F64001EAD2E /* BookletUITests */ = {
			isa = PBXNativeTarget;
			buildConfigurationList = 424E7D532C370F64001EAD2E /* Build configuration list for PBXNativeTarget "BookletUITests" */;
			buildPhases = (
				424E7D3F2C370F64001EAD2E /* Sources */,
				424E7D402C370F64001EAD2E /* Frameworks */,
				424E7D412C370F64001EAD2E /* Resources */,
			);
			buildRules = (
			);
			dependencies = (
				424E7D452C370F64001EAD2E /* PBXTargetDependency */,
			);
			name = BookletUITests;
			productName = BookletUITests;
			productReference = 424E7D432C370F64001EAD2E /* BookletUITests.xctest */;
			productType = "com.apple.product-type.bundle.ui-testing";
		};
/* End PBXNativeTarget section */

/* Begin PBXProject section */
		424E7D202C370F62001EAD2E /* Project object */ = {
			isa = PBXProject;
			attributes = {
				BuildIndependentTargetsInParallel = 1;
				LastSwiftUpdateCheck = 1600;
				LastUpgradeCheck = 1600;
				TargetAttributes = {
					424E7D272C370F63001EAD2E = {
						CreatedOnToolsVersion = 16.0;
					};
					424E7D382C370F64001EAD2E = {
						CreatedOnToolsVersion = 16.0;
						TestTargetID = 424E7D272C370F63001EAD2E;
					};
					424E7D422C370F64001EAD2E = {
						CreatedOnToolsVersion = 16.0;
						TestTargetID = 424E7D272C370F63001EAD2E;
					};
				};
			};
			buildConfigurationList = 424E7D232C370F62001EAD2E /* Build configuration list for PBXProject "Booklet" */;
			compatibilityVersion = "Xcode 15.0";
			developmentRegion = en;
			hasScannedForEncodings = 0;
			knownRegions = (
				en,
				Base,
				sq,
			);
			mainGroup = 424E7D1F2C370F62001EAD2E;
			packageReferences = (
				42D22E962C3EDEA700E1CF6C /* XCRemoteSwiftPackageReference "firebase-ios-sdk" */,
				42B05DAC2C3F4C300022D676 /* XCRemoteSwiftPackageReference "GoogleSignIn-iOS" */,
			);
			productRefGroup = 424E7D292C370F63001EAD2E /* Products */;
			projectDirPath = "";
			projectRoot = "";
			targets = (
				424E7D272C370F63001EAD2E /* Booklet */,
				424E7D382C370F64001EAD2E /* BookletTests */,
				424E7D422C370F64001EAD2E /* BookletUITests */,
			);
		};
/* End PBXProject section */

/* Begin PBXResourcesBuildPhase section */
		424E7D262C370F63001EAD2E /* Resources */ = {
			isa = PBXResourcesBuildPhase;
			buildActionMask = 2147483647;
			files = (
				424E7D332C370F64001EAD2E /* Preview Assets.xcassets in Resources */,
				424E7D302C370F64001EAD2E /* Assets.xcassets in Resources */,
				42BF3D832C4476EC00E61833 /* Localizable.xcstrings in Resources */,
				42ACA44C2C3F1BA7009BA7D2 /* GoogleService-Info.plist in Resources */,
			);
			runOnlyForDeploymentPostprocessing = 0;
		};
		424E7D372C370F64001EAD2E /* Resources */ = {
			isa = PBXResourcesBuildPhase;
			buildActionMask = 2147483647;
			files = (
			);
			runOnlyForDeploymentPostprocessing = 0;
		};
		424E7D412C370F64001EAD2E /* Resources */ = {
			isa = PBXResourcesBuildPhase;
			buildActionMask = 2147483647;
			files = (
			);
			runOnlyForDeploymentPostprocessing = 0;
		};
/* End PBXResourcesBuildPhase section */

/* Begin PBXSourcesBuildPhase section */
		424E7D242C370F63001EAD2E /* Sources */ = {
			isa = PBXSourcesBuildPhase;
			buildActionMask = 2147483647;
			files = (
				4275C3E92C46EBB60076892A /* Binding+NilCoalescing.swift in Sources */,
				42D22E7A2C3DE8A000E1CF6C /* Constants.swift in Sources */,
				427B64DA2C42FE3B008AA0BA /* AuthButton.swift in Sources */,
				42BF3D812C44739000E61833 /* PasswordStrengthView.swift in Sources */,
				427B64D52C42EC21008AA0BA /* AppUser.swift in Sources */,
				42A33B012C4B1B8700504009 /* FirestoreCollection.swift in Sources */,
				42A33B0B2C4B233A00504009 /* BookingViewViewModel.swift in Sources */,
				42A33AF12C4AF76700504009 /* LoadingView.swift in Sources */,
				424E7D2C2C370F63001EAD2E /* BookletApp.swift in Sources */,
				42C14FC52C3DCC1D007C18E3 /* MainView.swift in Sources */,
				42A33AF42C4AF81D00504009 /* LoadingViewModifier.swift in Sources */,
				42A33B032C4B209500504009 /* Booking.swift in Sources */,
				427B64D12C42DCA4008AA0BA /* AuthService.swift in Sources */,
				42BF3D9F2C4544AC00E61833 /* CustomersViewViewModel.swift in Sources */,
				42A33AF72C4AF99400504009 /* MinimumLoadingTime.swift in Sources */,
				42ACA4422C3EEE61009BA7D2 /* Customer.swift in Sources */,
				424E7D572C3713CE001EAD2E /* CalendarView.swift in Sources */,
				42A33AFE2C4B107700504009 /* FirestoreExtensions.swift in Sources */,
				42A33B052C4B20E300504009 /* BookingService.swift in Sources */,
				42ACA4452C3EF138009BA7D2 /* CustomerForm.swift in Sources */,
				42A33B0F2C4C5DF500504009 /* BookingError.swift in Sources */,
				4275C3FB2C484ACD0076892A /* ServiceLocator.swift in Sources */,
				42BF3D7F2C44601300E61833 /* AuthError.swift in Sources */,
				42BF3D892C44A1A900E61833 /* CustomerService.swift in Sources */,
				42A33AFA2C4B083500504009 /* CustomerError.swift in Sources */,
				42A33B0D2C4B239500504009 /* BookingView.swift in Sources */,
				42ACA44A2C3EF5F3009BA7D2 /* CustomersView.swift in Sources */,
				427B64B92C40A6EC008AA0BA /* AuthViewViewModel.swift in Sources */,
				42D22E782C3DE15700E1CF6C /* Tabs.swift in Sources */,
				427B64B62C40A05A008AA0BA /* MainViewViewModel.swift in Sources */,
				427B64B32C409EC9008AA0BA /* AuthView.swift in Sources */,
			);
			runOnlyForDeploymentPostprocessing = 0;
		};
		424E7D352C370F64001EAD2E /* Sources */ = {
			isa = PBXSourcesBuildPhase;
			buildActionMask = 2147483647;
			files = (
				424E7D3E2C370F64001EAD2E /* BookletTests.swift in Sources */,
			);
			runOnlyForDeploymentPostprocessing = 0;
		};
		424E7D3F2C370F64001EAD2E /* Sources */ = {
			isa = PBXSourcesBuildPhase;
			buildActionMask = 2147483647;
			files = (
				424E7D482C370F64001EAD2E /* BookletUITests.swift in Sources */,
				424E7D4A2C370F64001EAD2E /* BookletUITestsLaunchTests.swift in Sources */,
			);
			runOnlyForDeploymentPostprocessing = 0;
		};
/* End PBXSourcesBuildPhase section */

/* Begin PBXTargetDependency section */
		424E7D3B2C370F64001EAD2E /* PBXTargetDependency */ = {
			isa = PBXTargetDependency;
			target = 424E7D272C370F63001EAD2E /* Booklet */;
			targetProxy = 424E7D3A2C370F64001EAD2E /* PBXContainerItemProxy */;
		};
		424E7D452C370F64001EAD2E /* PBXTargetDependency */ = {
			isa = PBXTargetDependency;
			target = 424E7D272C370F63001EAD2E /* Booklet */;
			targetProxy = 424E7D442C370F64001EAD2E /* PBXContainerItemProxy */;
		};
/* End PBXTargetDependency section */

/* Begin XCBuildConfiguration section */
		424E7D4B2C370F64001EAD2E /* Debug */ = {
			isa = XCBuildConfiguration;
			buildSettings = {
				ALWAYS_SEARCH_USER_PATHS = NO;
				ASSETCATALOG_COMPILER_GENERATE_SWIFT_ASSET_SYMBOL_EXTENSIONS = YES;
				CLANG_ANALYZER_NONNULL = YES;
				CLANG_ANALYZER_NUMBER_OBJECT_CONVERSION = YES_AGGRESSIVE;
				CLANG_CXX_LANGUAGE_STANDARD = "gnu++20";
				CLANG_ENABLE_MODULES = YES;
				CLANG_ENABLE_OBJC_ARC = YES;
				CLANG_ENABLE_OBJC_WEAK = YES;
				CLANG_WARN_BLOCK_CAPTURE_AUTORELEASING = YES;
				CLANG_WARN_BOOL_CONVERSION = YES;
				CLANG_WARN_COMMA = YES;
				CLANG_WARN_CONSTANT_CONVERSION = YES;
				CLANG_WARN_DEPRECATED_OBJC_IMPLEMENTATIONS = YES;
				CLANG_WARN_DIRECT_OBJC_ISA_USAGE = YES_ERROR;
				CLANG_WARN_DOCUMENTATION_COMMENTS = YES;
				CLANG_WARN_EMPTY_BODY = YES;
				CLANG_WARN_ENUM_CONVERSION = YES;
				CLANG_WARN_INFINITE_RECURSION = YES;
				CLANG_WARN_INT_CONVERSION = YES;
				CLANG_WARN_NON_LITERAL_NULL_CONVERSION = YES;
				CLANG_WARN_OBJC_IMPLICIT_RETAIN_SELF = YES;
				CLANG_WARN_OBJC_LITERAL_CONVERSION = YES;
				CLANG_WARN_OBJC_ROOT_CLASS = YES_ERROR;
				CLANG_WARN_QUOTED_INCLUDE_IN_FRAMEWORK_HEADER = YES;
				CLANG_WARN_RANGE_LOOP_ANALYSIS = YES;
				CLANG_WARN_STRICT_PROTOTYPES = YES;
				CLANG_WARN_SUSPICIOUS_MOVE = YES;
				CLANG_WARN_UNGUARDED_AVAILABILITY = YES_AGGRESSIVE;
				CLANG_WARN_UNREACHABLE_CODE = YES;
				CLANG_WARN__DUPLICATE_METHOD_MATCH = YES;
				COPY_PHASE_STRIP = NO;
				DEBUG_INFORMATION_FORMAT = dwarf;
				ENABLE_STRICT_OBJC_MSGSEND = YES;
				ENABLE_TESTABILITY = YES;
				ENABLE_USER_SCRIPT_SANDBOXING = YES;
				GCC_C_LANGUAGE_STANDARD = gnu17;
				GCC_DYNAMIC_NO_PIC = NO;
				GCC_NO_COMMON_BLOCKS = YES;
				GCC_OPTIMIZATION_LEVEL = 0;
				GCC_PREPROCESSOR_DEFINITIONS = (
					"DEBUG=1",
					"$(inherited)",
				);
				GCC_WARN_64_TO_32_BIT_CONVERSION = YES;
				GCC_WARN_ABOUT_RETURN_TYPE = YES_ERROR;
				GCC_WARN_UNDECLARED_SELECTOR = YES;
				GCC_WARN_UNINITIALIZED_AUTOS = YES_AGGRESSIVE;
				GCC_WARN_UNUSED_FUNCTION = YES;
				GCC_WARN_UNUSED_VARIABLE = YES;
				LOCALIZATION_PREFERS_STRING_CATALOGS = YES;
				MACOSX_DEPLOYMENT_TARGET = 15.0;
				MTL_ENABLE_DEBUG_INFO = INCLUDE_SOURCE;
				MTL_FAST_MATH = YES;
				ONLY_ACTIVE_ARCH = YES;
				SDKROOT = macosx;
				SWIFT_ACTIVE_COMPILATION_CONDITIONS = "DEBUG $(inherited)";
				SWIFT_EMIT_LOC_STRINGS = YES;
				SWIFT_OPTIMIZATION_LEVEL = "-Onone";
			};
			name = Debug;
		};
		424E7D4C2C370F64001EAD2E /* Release */ = {
			isa = XCBuildConfiguration;
			buildSettings = {
				ALWAYS_SEARCH_USER_PATHS = NO;
				ASSETCATALOG_COMPILER_GENERATE_SWIFT_ASSET_SYMBOL_EXTENSIONS = YES;
				CLANG_ANALYZER_NONNULL = YES;
				CLANG_ANALYZER_NUMBER_OBJECT_CONVERSION = YES_AGGRESSIVE;
				CLANG_CXX_LANGUAGE_STANDARD = "gnu++20";
				CLANG_ENABLE_MODULES = YES;
				CLANG_ENABLE_OBJC_ARC = YES;
				CLANG_ENABLE_OBJC_WEAK = YES;
				CLANG_WARN_BLOCK_CAPTURE_AUTORELEASING = YES;
				CLANG_WARN_BOOL_CONVERSION = YES;
				CLANG_WARN_COMMA = YES;
				CLANG_WARN_CONSTANT_CONVERSION = YES;
				CLANG_WARN_DEPRECATED_OBJC_IMPLEMENTATIONS = YES;
				CLANG_WARN_DIRECT_OBJC_ISA_USAGE = YES_ERROR;
				CLANG_WARN_DOCUMENTATION_COMMENTS = YES;
				CLANG_WARN_EMPTY_BODY = YES;
				CLANG_WARN_ENUM_CONVERSION = YES;
				CLANG_WARN_INFINITE_RECURSION = YES;
				CLANG_WARN_INT_CONVERSION = YES;
				CLANG_WARN_NON_LITERAL_NULL_CONVERSION = YES;
				CLANG_WARN_OBJC_IMPLICIT_RETAIN_SELF = YES;
				CLANG_WARN_OBJC_LITERAL_CONVERSION = YES;
				CLANG_WARN_OBJC_ROOT_CLASS = YES_ERROR;
				CLANG_WARN_QUOTED_INCLUDE_IN_FRAMEWORK_HEADER = YES;
				CLANG_WARN_RANGE_LOOP_ANALYSIS = YES;
				CLANG_WARN_STRICT_PROTOTYPES = YES;
				CLANG_WARN_SUSPICIOUS_MOVE = YES;
				CLANG_WARN_UNGUARDED_AVAILABILITY = YES_AGGRESSIVE;
				CLANG_WARN_UNREACHABLE_CODE = YES;
				CLANG_WARN__DUPLICATE_METHOD_MATCH = YES;
				COPY_PHASE_STRIP = NO;
				DEBUG_INFORMATION_FORMAT = "dwarf-with-dsym";
				ENABLE_NS_ASSERTIONS = NO;
				ENABLE_STRICT_OBJC_MSGSEND = YES;
				ENABLE_USER_SCRIPT_SANDBOXING = YES;
				GCC_C_LANGUAGE_STANDARD = gnu17;
				GCC_NO_COMMON_BLOCKS = YES;
				GCC_WARN_64_TO_32_BIT_CONVERSION = YES;
				GCC_WARN_ABOUT_RETURN_TYPE = YES_ERROR;
				GCC_WARN_UNDECLARED_SELECTOR = YES;
				GCC_WARN_UNINITIALIZED_AUTOS = YES_AGGRESSIVE;
				GCC_WARN_UNUSED_FUNCTION = YES;
				GCC_WARN_UNUSED_VARIABLE = YES;
				LOCALIZATION_PREFERS_STRING_CATALOGS = YES;
				MACOSX_DEPLOYMENT_TARGET = 15.0;
				MTL_ENABLE_DEBUG_INFO = NO;
				MTL_FAST_MATH = YES;
				SDKROOT = macosx;
				SWIFT_COMPILATION_MODE = wholemodule;
				SWIFT_EMIT_LOC_STRINGS = YES;
			};
			name = Release;
		};
		424E7D4E2C370F64001EAD2E /* Debug */ = {
			isa = XCBuildConfiguration;
			buildSettings = {
				ASSETCATALOG_COMPILER_APPICON_NAME = AppIcon;
				ASSETCATALOG_COMPILER_GLOBAL_ACCENT_COLOR_NAME = AccentColor;
				CODE_SIGN_ENTITLEMENTS = Booklet/Booklet.entitlements;
				CODE_SIGN_STYLE = Automatic;
				COMBINE_HIDPI_IMAGES = YES;
				CURRENT_PROJECT_VERSION = 1;
				DEVELOPMENT_ASSET_PATHS = "\"Booklet/Preview Content\"";
				DEVELOPMENT_TEAM = 88V5AMKH5K;
				ENABLE_HARDENED_RUNTIME = YES;
				ENABLE_PREVIEWS = YES;
				GENERATE_INFOPLIST_FILE = YES;
				INFOPLIST_FILE = Booklet/Info.plist;
				INFOPLIST_KEY_CFBundleDisplayName = Booklet;
				INFOPLIST_KEY_LSApplicationCategoryType = "public.app-category.finance";
				INFOPLIST_KEY_NSHumanReadableCopyright = "";
				LD_RUNPATH_SEARCH_PATHS = (
					"$(inherited)",
					"@executable_path/../Frameworks",
				);
				MARKETING_VERSION = 1.0;
				PRODUCT_BUNDLE_IDENTIFIER = com.PrometheusBits.Booklet;
				PRODUCT_NAME = "$(TARGET_NAME)";
				SWIFT_EMIT_LOC_STRINGS = YES;
				SWIFT_VERSION = 5.0;
			};
			name = Debug;
		};
		424E7D4F2C370F64001EAD2E /* Release */ = {
			isa = XCBuildConfiguration;
			buildSettings = {
				ASSETCATALOG_COMPILER_APPICON_NAME = AppIcon;
				ASSETCATALOG_COMPILER_GLOBAL_ACCENT_COLOR_NAME = AccentColor;
				CODE_SIGN_ENTITLEMENTS = Booklet/Booklet.entitlements;
				CODE_SIGN_STYLE = Automatic;
				COMBINE_HIDPI_IMAGES = YES;
				CURRENT_PROJECT_VERSION = 1;
				DEVELOPMENT_ASSET_PATHS = "\"Booklet/Preview Content\"";
				DEVELOPMENT_TEAM = 88V5AMKH5K;
				ENABLE_HARDENED_RUNTIME = YES;
				ENABLE_PREVIEWS = YES;
				GENERATE_INFOPLIST_FILE = YES;
				INFOPLIST_FILE = Booklet/Info.plist;
				INFOPLIST_KEY_CFBundleDisplayName = Booklet;
				INFOPLIST_KEY_LSApplicationCategoryType = "public.app-category.finance";
				INFOPLIST_KEY_NSHumanReadableCopyright = "";
				LD_RUNPATH_SEARCH_PATHS = (
					"$(inherited)",
					"@executable_path/../Frameworks",
				);
				MARKETING_VERSION = 1.0;
				PRODUCT_BUNDLE_IDENTIFIER = com.PrometheusBits.Booklet;
				PRODUCT_NAME = "$(TARGET_NAME)";
				SWIFT_EMIT_LOC_STRINGS = YES;
				SWIFT_VERSION = 5.0;
			};
			name = Release;
		};
		424E7D512C370F64001EAD2E /* Debug */ = {
			isa = XCBuildConfiguration;
			buildSettings = {
				BUNDLE_LOADER = "$(TEST_HOST)";
				CODE_SIGN_STYLE = Automatic;
				CURRENT_PROJECT_VERSION = 1;
				DEVELOPMENT_TEAM = 88V5AMKH5K;
				GENERATE_INFOPLIST_FILE = YES;
				MACOSX_DEPLOYMENT_TARGET = 15.0;
				MARKETING_VERSION = 1.0;
				PRODUCT_BUNDLE_IDENTIFIER = com.PrometheusBits.BookletTests;
				PRODUCT_NAME = "$(TARGET_NAME)";
				SWIFT_EMIT_LOC_STRINGS = NO;
				SWIFT_VERSION = 5.0;
				TEST_HOST = "$(BUILT_PRODUCTS_DIR)/Booklet.app/$(BUNDLE_EXECUTABLE_FOLDER_PATH)/Booklet";
			};
			name = Debug;
		};
		424E7D522C370F64001EAD2E /* Release */ = {
			isa = XCBuildConfiguration;
			buildSettings = {
				BUNDLE_LOADER = "$(TEST_HOST)";
				CODE_SIGN_STYLE = Automatic;
				CURRENT_PROJECT_VERSION = 1;
				DEVELOPMENT_TEAM = 88V5AMKH5K;
				GENERATE_INFOPLIST_FILE = YES;
				MACOSX_DEPLOYMENT_TARGET = 15.0;
				MARKETING_VERSION = 1.0;
				PRODUCT_BUNDLE_IDENTIFIER = com.PrometheusBits.BookletTests;
				PRODUCT_NAME = "$(TARGET_NAME)";
				SWIFT_EMIT_LOC_STRINGS = NO;
				SWIFT_VERSION = 5.0;
				TEST_HOST = "$(BUILT_PRODUCTS_DIR)/Booklet.app/$(BUNDLE_EXECUTABLE_FOLDER_PATH)/Booklet";
			};
			name = Release;
		};
		424E7D542C370F64001EAD2E /* Debug */ = {
			isa = XCBuildConfiguration;
			buildSettings = {
				CODE_SIGN_STYLE = Automatic;
				CURRENT_PROJECT_VERSION = 1;
				DEVELOPMENT_TEAM = 88V5AMKH5K;
				GENERATE_INFOPLIST_FILE = YES;
				MARKETING_VERSION = 1.0;
				PRODUCT_BUNDLE_IDENTIFIER = com.PrometheusBits.BookletUITests;
				PRODUCT_NAME = "$(TARGET_NAME)";
				SWIFT_EMIT_LOC_STRINGS = NO;
				SWIFT_VERSION = 5.0;
				TEST_TARGET_NAME = Booklet;
			};
			name = Debug;
		};
		424E7D552C370F64001EAD2E /* Release */ = {
			isa = XCBuildConfiguration;
			buildSettings = {
				CODE_SIGN_STYLE = Automatic;
				CURRENT_PROJECT_VERSION = 1;
				DEVELOPMENT_TEAM = 88V5AMKH5K;
				GENERATE_INFOPLIST_FILE = YES;
				MARKETING_VERSION = 1.0;
				PRODUCT_BUNDLE_IDENTIFIER = com.PrometheusBits.BookletUITests;
				PRODUCT_NAME = "$(TARGET_NAME)";
				SWIFT_EMIT_LOC_STRINGS = NO;
				SWIFT_VERSION = 5.0;
				TEST_TARGET_NAME = Booklet;
			};
			name = Release;
		};
/* End XCBuildConfiguration section */

/* Begin XCConfigurationList section */
		424E7D232C370F62001EAD2E /* Build configuration list for PBXProject "Booklet" */ = {
			isa = XCConfigurationList;
			buildConfigurations = (
				424E7D4B2C370F64001EAD2E /* Debug */,
				424E7D4C2C370F64001EAD2E /* Release */,
			);
			defaultConfigurationIsVisible = 0;
			defaultConfigurationName = Release;
		};
		424E7D4D2C370F64001EAD2E /* Build configuration list for PBXNativeTarget "Booklet" */ = {
			isa = XCConfigurationList;
			buildConfigurations = (
				424E7D4E2C370F64001EAD2E /* Debug */,
				424E7D4F2C370F64001EAD2E /* Release */,
			);
			defaultConfigurationIsVisible = 0;
			defaultConfigurationName = Release;
		};
		424E7D502C370F64001EAD2E /* Build configuration list for PBXNativeTarget "BookletTests" */ = {
			isa = XCConfigurationList;
			buildConfigurations = (
				424E7D512C370F64001EAD2E /* Debug */,
				424E7D522C370F64001EAD2E /* Release */,
			);
			defaultConfigurationIsVisible = 0;
			defaultConfigurationName = Release;
		};
		424E7D532C370F64001EAD2E /* Build configuration list for PBXNativeTarget "BookletUITests" */ = {
			isa = XCConfigurationList;
			buildConfigurations = (
				424E7D542C370F64001EAD2E /* Debug */,
				424E7D552C370F64001EAD2E /* Release */,
			);
			defaultConfigurationIsVisible = 0;
			defaultConfigurationName = Release;
		};
/* End XCConfigurationList section */

/* Begin XCRemoteSwiftPackageReference section */
		42B05DAC2C3F4C300022D676 /* XCRemoteSwiftPackageReference "GoogleSignIn-iOS" */ = {
			isa = XCRemoteSwiftPackageReference;
			repositoryURL = "https://github.com/google/GoogleSignIn-iOS";
			requirement = {
				kind = upToNextMajorVersion;
				minimumVersion = 7.1.0;
			};
		};
		42D22E962C3EDEA700E1CF6C /* XCRemoteSwiftPackageReference "firebase-ios-sdk" */ = {
			isa = XCRemoteSwiftPackageReference;
			repositoryURL = "https://github.com/firebase/firebase-ios-sdk";
			requirement = {
				kind = upToNextMajorVersion;
				minimumVersion = 10.29.0;
			};
		};
/* End XCRemoteSwiftPackageReference section */

/* Begin XCSwiftPackageProductDependency section */
		42ACA4472C3EF22D009BA7D2 /* FirebaseAuth */ = {
			isa = XCSwiftPackageProductDependency;
			package = 42D22E962C3EDEA700E1CF6C /* XCRemoteSwiftPackageReference "firebase-ios-sdk" */;
			productName = FirebaseAuth;
		};
		42B05DAD2C3F4C300022D676 /* GoogleSignIn */ = {
			isa = XCSwiftPackageProductDependency;
			package = 42B05DAC2C3F4C300022D676 /* XCRemoteSwiftPackageReference "GoogleSignIn-iOS" */;
			productName = GoogleSignIn;
		};
		42B05DAF2C3F4C300022D676 /* GoogleSignInSwift */ = {
			isa = XCSwiftPackageProductDependency;
			package = 42B05DAC2C3F4C300022D676 /* XCRemoteSwiftPackageReference "GoogleSignIn-iOS" */;
			productName = GoogleSignInSwift;
		};
		42BF3D932C44A34A00E61833 /* FirebaseFirestore */ = {
			isa = XCSwiftPackageProductDependency;
			productName = FirebaseFirestore;
		};
		42BF3D952C44A34A00E61833 /* FirebaseFirestoreSwift */ = {
			isa = XCSwiftPackageProductDependency;
			productName = FirebaseFirestoreSwift;
		};
		42BF3D992C44A34A00E61833 /* FirebaseRemoteConfigSwift */ = {
			isa = XCSwiftPackageProductDependency;
			productName = FirebaseRemoteConfigSwift;
		};
/* End XCSwiftPackageProductDependency section */
	};
	rootObject = 424E7D202C370F62001EAD2E /* Project object */;
}
